// !$*UTF8*$!
{
	archiveVersion = 1;
	classes = {
	};
	objectVersion = 56;
	objects = {

/* Begin PBXBuildFile section */
		1E5F601A34736704617052A0 /* TCADependencies.swift in Sources */ = {isa = PBXBuildFile; fileRef = 1E5F676C9ACA7E417D8C6F05 /* TCADependencies.swift */; };
		1E5F60315C97AFC20BCF88EB /* TextStyles.swift in Sources */ = {isa = PBXBuildFile; fileRef = 1E5F69B151716548C135845E /* TextStyles.swift */; };
		1E5F603290ED26CC3CEC8CB2 /* FakeFavouriteAssetsManager.swift in Sources */ = {isa = PBXBuildFile; fileRef = 1E5F6BA49B72338BA1B23598 /* FakeFavouriteAssetsManager.swift */; };
		1E5F60AB7E88A35FD42172B2 /* FakeAppVersionProvider.swift in Sources */ = {isa = PBXBuildFile; fileRef = 1E5F6041DE9EB1A1168CC2FD /* FakeAppVersionProvider.swift */; };
		1E5F60EB97B8F85B1106B2AD /* ChartView.swift in Sources */ = {isa = PBXBuildFile; fileRef = 1E5F65CE74E38B88BD61D52C /* ChartView.swift */; };
		1E5F60F90A12706D6651C125 /* AssetsListView.swift in Sources */ = {isa = PBXBuildFile; fileRef = 1E5F6587B7314077C8FA207B /* AssetsListView.swift */; };
		1E5F60FFB3872A01F4D4C8E6 /* Routes.swift in Sources */ = {isa = PBXBuildFile; fileRef = 1E5F610A51E6D6DFA2388E1E /* Routes.swift */; };
		1E5F6150281873AAA1B0C255 /* DataExtensions.swift in Sources */ = {isa = PBXBuildFile; fileRef = 1E5F65E442FC60590AE43BFD /* DataExtensions.swift */; };
		1E5F616AD50F8BB53ED22EBB /* ColorExtensions.swift in Sources */ = {isa = PBXBuildFile; fileRef = 1E5F6552B755CC3EAE74A7DB /* ColorExtensions.swift */; };
		1E5F61701FBFF21A68DCEF60 /* AppVersionProvider.swift in Sources */ = {isa = PBXBuildFile; fileRef = 1E5F61EC420DF05B4162BA46 /* AppVersionProvider.swift */; };
		1E5F61FD99CF79E187878F26 /* ViewHelpers.swift in Sources */ = {isa = PBXBuildFile; fileRef = 1E5F6E54C8803CCC86A28830 /* ViewHelpers.swift */; };
		1E5F62434C1FF713027C24CA /* URLOpener.swift in Sources */ = {isa = PBXBuildFile; fileRef = 1E5F6D126DBC094A94F79309 /* URLOpener.swift */; };
		1E5F6262F4F4015BFB37A43A /* FavouriteAssetsProvider.swift in Sources */ = {isa = PBXBuildFile; fileRef = 1E5F63CC886F88AE19F2ECF8 /* FavouriteAssetsProvider.swift */; };
		1E5F629636372151DD6A09B5 /* AppInfoDomain.swift in Sources */ = {isa = PBXBuildFile; fileRef = 1E5F6348C5BCD4CFAE3A310D /* AppInfoDomain.swift */; };
		1E5F629C312FE9076B88AA64 /* ButtonStyles.swift in Sources */ = {isa = PBXBuildFile; fileRef = 1E5F6E799470E0BFB79D76C6 /* ButtonStyles.swift */; };
		1E5F62BBE7ECC47B974198A2 /* EditAssetFeatureTests.swift in Sources */ = {isa = PBXBuildFile; fileRef = 1E5F610427CEDDC3AFD31310 /* EditAssetFeatureTests.swift */; };
		1E5F62CC5DD720525E4B3181 /* AddApiKeyNetworkModuleAction.swift in Sources */ = {isa = PBXBuildFile; fileRef = 1E5F62702E47F0D84C17BCEB /* AddApiKeyNetworkModuleAction.swift */; };
		1E5F62F7BDE640FF879C346E /* EditedAssetData.swift in Sources */ = {isa = PBXBuildFile; fileRef = 1E5F63302385A72666913D7B /* EditedAssetData.swift */; };
		1E5F6311302EF594DF95F600 /* FavouriteAssetsViewTests.swift in Sources */ = {isa = PBXBuildFile; fileRef = 1E5F6289688F0DF6DF3181D0 /* FavouriteAssetsViewTests.swift */; };
		1E5F6350EC120BBC6ADDA698 /* AssetDetailsFeatureTests.swift in Sources */ = {isa = PBXBuildFile; fileRef = 1E5F6B2AFF61798A302E789D /* AssetDetailsFeatureTests.swift */; };
		1E5F636D7D1554C5902FDC79 /* DependenciesProvider.swift in Sources */ = {isa = PBXBuildFile; fileRef = 1E5F605CC944B28EF5D24CD7 /* DependenciesProvider.swift */; };
		1E5F63B75DC1A75011091680 /* LoaderView.swift in Sources */ = {isa = PBXBuildFile; fileRef = 1E5F6FD8A4873E877D401D9E /* LoaderView.swift */; };
		1E5F63D029EE01B1A8906DCA /* FavouriteAssetCellView.swift in Sources */ = {isa = PBXBuildFile; fileRef = 1E5F64BFD210F0324B4E7A18 /* FavouriteAssetCellView.swift */; };
		1E5F6404C1BAD038D2349BDC /* EncodableExtensions.swift in Sources */ = {isa = PBXBuildFile; fileRef = 1E5F6553FB5DED0E8DB855FE /* EncodableExtensions.swift */; };
		1E5F64466253C1DE63B6D6F2 /* GetAllAssetsRequest.swift in Sources */ = {isa = PBXBuildFile; fileRef = 1E5F6F79DC8362D7A3CD2DCB /* GetAllAssetsRequest.swift */; };
		1E5F659F8ACFDF16CA00B127 /* FakeAssetsRatesProvider.swift in Sources */ = {isa = PBXBuildFile; fileRef = 1E5F678350BCB678E62DD363 /* FakeAssetsRatesProvider.swift */; };
		1E5F65AED426EA1F85A0240B /* FavouriteAssetsFeatureTests.swift in Sources */ = {isa = PBXBuildFile; fileRef = 1E5F60DCDC3172D0858B1B72 /* FavouriteAssetsFeatureTests.swift */; };
		1E5F6605BDB17F6669B0E234 /* GetHistoricalAssetRatesResponse.swift in Sources */ = {isa = PBXBuildFile; fileRef = 1E5F688A9715CE843AB71752 /* GetHistoricalAssetRatesResponse.swift */; };
		1E5F664BD54D01A997D88151 /* ViewControllerHelper.swift in Sources */ = {isa = PBXBuildFile; fileRef = 1E5F66101A7D7B97ABDA984F /* ViewControllerHelper.swift */; };
		1E5F665CA7FA3C18761C1D3E /* GetAssetsRatesRequest.swift in Sources */ = {isa = PBXBuildFile; fileRef = 1E5F61A7D91DE187C0C11BE6 /* GetAssetsRatesRequest.swift */; };
		1E5F667EF0403CA50E9CF07A /* FoundationExtensions.swift in Sources */ = {isa = PBXBuildFile; fileRef = 1E5F6D9B665C10162D8A90C4 /* FoundationExtensions.swift */; };
		1E5F669A70C513C333982B01 /* PreviewFixtures.swift in Sources */ = {isa = PBXBuildFile; fileRef = 1E5F6DE2B0550F8964CB2177 /* PreviewFixtures.swift */; };
		1E5F66F4DFEE762BC13C9412 /* AssetPerformance.swift in Sources */ = {isa = PBXBuildFile; fileRef = 1E5F60C8FE43713F1D7CDBE9 /* AssetPerformance.swift */; };
		1E5F675761F5AB04116CF51D /* EditAssetViewTests.swift in Sources */ = {isa = PBXBuildFile; fileRef = 1E5F6F95B559BA79D6B24534 /* EditAssetViewTests.swift */; };
		1E5F676098EE608150EC3477 /* AppInfoView.swift in Sources */ = {isa = PBXBuildFile; fileRef = 1E5F6281CE8D9E04211E28DA /* AppInfoView.swift */; };
		1E5F6790100BB6C2EC6F2DCF /* AppConfiguration.swift in Sources */ = {isa = PBXBuildFile; fileRef = 1E5F6FC9102E48D719FFCC74 /* AppConfiguration.swift */; };
		1E5F685821BA3FA4FF209CEB /* SwiftUISearchBar.swift in Sources */ = {isa = PBXBuildFile; fileRef = 1E5F6ED55988000082C8350C /* SwiftUISearchBar.swift */; };
		1E5F68CAEBAA411C2EE1E001 /* FakeHistoricalAssetRatesProvider.swift in Sources */ = {isa = PBXBuildFile; fileRef = 1E5F617667F06EC8CA6DFE9A /* FakeHistoricalAssetRatesProvider.swift */; };
		1E5F68DC72DC41972F4ACAF5 /* BaseAssetProvider.swift in Sources */ = {isa = PBXBuildFile; fileRef = 1E5F6DA192B5D840E1B40947 /* BaseAssetProvider.swift */; };
		1E5F690F682A317AD25E4C66 /* AssetsProvider.swift in Sources */ = {isa = PBXBuildFile; fileRef = 1E5F6D45997E5734161AAC07 /* AssetsProvider.swift */; };
		1E5F69272D90CF0F45D94559 /* SnapshottingHelper.swift in Sources */ = {isa = PBXBuildFile; fileRef = 1E5F6058EC904A2E0E2A995E /* SnapshottingHelper.swift */; };
		1E5F694769DA6EE59B55032A /* UIApplicationHelper.swift in Sources */ = {isa = PBXBuildFile; fileRef = 1E5F66F201CE6E35281DC518 /* UIApplicationHelper.swift */; };
		1E5F6966201C35259D1B28BE /* AssetCellView.swift in Sources */ = {isa = PBXBuildFile; fileRef = 1E5F69C0DE8997CDBC2A4BC3 /* AssetCellView.swift */; };
		1E5F6980918E7D4B40CE343A /* EditAssetDomain.swift in Sources */ = {isa = PBXBuildFile; fileRef = 1E5F69193A88751240C4C15C /* EditAssetDomain.swift */; };
		1E5F6A24815ADF1393F500C7 /* PrimaryButton.swift in Sources */ = {isa = PBXBuildFile; fileRef = 1E5F604936EE88D594E6ABD9 /* PrimaryButton.swift */; };
		1E5F6A2CD39E3F24DF7E8075 /* AssetsListFeatureTests.swift in Sources */ = {isa = PBXBuildFile; fileRef = 1E5F6E019BD119F2994950EA /* AssetsListFeatureTests.swift */; };
		1E5F6AAB6E83143613F00A82 /* AvailableAppVersionProvider.swift in Sources */ = {isa = PBXBuildFile; fileRef = 1E5F6AB05E2E8204D220FDD5 /* AvailableAppVersionProvider.swift */; };
		1E5F6ADF6F9CFC3403C55EE1 /* AppInfoViewTests.swift in Sources */ = {isa = PBXBuildFile; fileRef = 1E5F69479DF0751FF36674F8 /* AppInfoViewTests.swift */; };
		1E5F6AF0DE62B24A8C1F6439 /* EditAssetView.swift in Sources */ = {isa = PBXBuildFile; fileRef = 1E5F6F5E52C4EE74D6C8F8A9 /* EditAssetView.swift */; };
		1E5F6B1A3F3055EFCA166037 /* AssetDetailsViewTests.swift in Sources */ = {isa = PBXBuildFile; fileRef = 1E5F6CA3967B7BCE0267C539 /* AssetDetailsViewTests.swift */; };
		1E5F6B4FCAA6B8DA1C3214C0 /* AssetDetailsDomain.swift in Sources */ = {isa = PBXBuildFile; fileRef = 1E5F635590EB89E907D31B71 /* AssetDetailsDomain.swift */; };
		1E5F6B546E743930CFBD83D3 /* GetAssetsRatesResponse.swift in Sources */ = {isa = PBXBuildFile; fileRef = 1E5F6EB2327E8FF3622B048C /* GetAssetsRatesResponse.swift */; };
		1E5F6C947E6530CD680750B1 /* NavigationExtensions.swift in Sources */ = {isa = PBXBuildFile; fileRef = 1E5F651EF8FFF771EBC71E4A /* NavigationExtensions.swift */; };
		1E5F6CD7861DC70A496C9B98 /* FakeRouter.swift in Sources */ = {isa = PBXBuildFile; fileRef = 1E5F6804B336CCFA3171B388 /* FakeRouter.swift */; };
		1E5F6D297CACC4BA3F9A9A4F /* AssetDetailsView.swift in Sources */ = {isa = PBXBuildFile; fileRef = 1E5F6E34D113ACCF6D1FDD79 /* AssetDetailsView.swift */; };
		1E5F6D4E8CBF91E2942D1147 /* FakeAssetsProvider.swift in Sources */ = {isa = PBXBuildFile; fileRef = 1E5F60022EAD3DA5AC20E679 /* FakeAssetsProvider.swift */; };
		1E5F6D7B93736F69C5B4B51C /* AssetHistoricalRate.swift in Sources */ = {isa = PBXBuildFile; fileRef = 1E5F6ACA86088B726F2AAD6F /* AssetHistoricalRate.swift */; };
		1E5F6DC4DCC74C7F082BF616 /* AppInfoFeatureTests.swift in Sources */ = {isa = PBXBuildFile; fileRef = 1E5F63188708BF8CE3A2EA32 /* AppInfoFeatureTests.swift */; };
		1E5F6DDD2F2142DE32563F3F /* FakeAvailableAppVersionProvider.swift in Sources */ = {isa = PBXBuildFile; fileRef = 1E5F6F22E1C965C04C52404C /* FakeAvailableAppVersionProvider.swift */; };
		1E5F6DE5B216DD85CB0099F7 /* DateProvider.swift in Sources */ = {isa = PBXBuildFile; fileRef = 1E5F651CBDA362D85FE069AC /* DateProvider.swift */; };
		1E5F6E01972FCB7C53E23567 /* AssetsListDomain.swift in Sources */ = {isa = PBXBuildFile; fileRef = 1E5F65E01774BFA5BE81749A /* AssetsListDomain.swift */; };
		1E5F6E0770A409AB2595350D /* CellStyles.swift in Sources */ = {isa = PBXBuildFile; fileRef = 1E5F6299D026CA27697C229F /* CellStyles.swift */; };
		1E5F6E0D4AB2B0EDDDE4D61D /* LocalStorage.swift in Sources */ = {isa = PBXBuildFile; fileRef = 1E5F6726873C7C9A37010CA8 /* LocalStorage.swift */; };
		1E5F6E7DBAE79B99ECD38A7D /* FavouriteAssetsView.swift in Sources */ = {isa = PBXBuildFile; fileRef = 1E5F6E676B48ABB2D1656F94 /* FavouriteAssetsView.swift */; };
		1E5F6E94555C5B64F34EBD82 /* SnapshotTestsHelper.swift in Sources */ = {isa = PBXBuildFile; fileRef = 1E5F6EFE5E87DF6A9BFC6F85 /* SnapshotTestsHelper.swift */; };
		1E5F6EDA420B737CF5A10B53 /* NetworkingFactory.swift in Sources */ = {isa = PBXBuildFile; fileRef = 1E5F6AE1DB6C8AEC4A25F3EA /* NetworkingFactory.swift */; };
		1E5F6F101D2D1E2561650313 /* DateFormatterExtensions.swift in Sources */ = {isa = PBXBuildFile; fileRef = 1E5F64C8E73ABFBC2552E928 /* DateFormatterExtensions.swift */; };
		1E5F6F13A5353603ED26F354 /* GetHistoricalRatesRequest.swift in Sources */ = {isa = PBXBuildFile; fileRef = 1E5F6B2F2B4758FA66C97087 /* GetHistoricalRatesRequest.swift */; };
		1E5F6F163009ADFB11A90264 /* AssetsRatesProvider.swift in Sources */ = {isa = PBXBuildFile; fileRef = 1E5F6026968A12018C7F6795 /* AssetsRatesProvider.swift */; };
		1E5F6F2F4020212130451BC2 /* FavouriteAssetsDomain.swift in Sources */ = {isa = PBXBuildFile; fileRef = 1E5F62DA2EEF579F56E24C8C /* FavouriteAssetsDomain.swift */; };
		1E5F6F77C3C6C07F6A673EEE /* HistoricalAssetRatesProvider.swift in Sources */ = {isa = PBXBuildFile; fileRef = 1E5F6153FFEE729D2929C931 /* HistoricalAssetRatesProvider.swift */; };
		1E5F6F79376651645E2B6DF4 /* AssetPrice.swift in Sources */ = {isa = PBXBuildFile; fileRef = 1E5F65C4C40C9E17E2D61807 /* AssetPrice.swift */; };
		1E5F6F7F3909DE1098C45C0A /* GetAllAssetsResponse.swift in Sources */ = {isa = PBXBuildFile; fileRef = 1E5F632D075858490C5B3573 /* GetAllAssetsResponse.swift */; };
		1E5F6F8431857FF95C5FA412 /* NavigationRouter.swift in Sources */ = {isa = PBXBuildFile; fileRef = 1E5F630FE336029368ABB280 /* NavigationRouter.swift */; };
		1E5F6FB03A8F3C42B043D040 /* Asset.swift in Sources */ = {isa = PBXBuildFile; fileRef = 1E5F605212B339F931AF5B11 /* Asset.swift */; };
		1E5F6FFCBBE7DFE555628C94 /* AssetsListViewTests.swift in Sources */ = {isa = PBXBuildFile; fileRef = 1E5F645CDBA306CF0D67C613 /* AssetsListViewTests.swift */; };
		222E23D32A5D29AD0082C1DC /* TCAShowcaseApp.swift in Sources */ = {isa = PBXBuildFile; fileRef = 222E23D22A5D29AD0082C1DC /* TCAShowcaseApp.swift */; };
		222E23D52A5D29AD0082C1DC /* HomeView.swift in Sources */ = {isa = PBXBuildFile; fileRef = 222E23D42A5D29AD0082C1DC /* HomeView.swift */; };
		222E23D72A5D29AF0082C1DC /* Assets.xcassets in Resources */ = {isa = PBXBuildFile; fileRef = 222E23D62A5D29AF0082C1DC /* Assets.xcassets */; };
		222E23DA2A5D29AF0082C1DC /* Preview Assets.xcassets in Resources */ = {isa = PBXBuildFile; fileRef = 222E23D92A5D29AF0082C1DC /* Preview Assets.xcassets */; };
		222E24092A5D4E8D0082C1DC /* ComposableArchitecture in Frameworks */ = {isa = PBXBuildFile; productRef = 222E24082A5D4E8D0082C1DC /* ComposableArchitecture */; };
		22E0F39D2A77BAA000A19531 /* SnapshotTesting in Frameworks */ = {isa = PBXBuildFile; productRef = 22E0F39C2A77BAA000A19531 /* SnapshotTesting */; };
		22F94B6D2A6A57640088BCF1 /* ConcurrentNgNetworkModule in Frameworks */ = {isa = PBXBuildFile; productRef = 22F94B6C2A6A57640088BCF1 /* ConcurrentNgNetworkModule */; };
		22F94B6F2A6A57640088BCF1 /* NgNetworkModuleCore in Frameworks */ = {isa = PBXBuildFile; productRef = 22F94B6E2A6A57640088BCF1 /* NgNetworkModuleCore */; };
/* End PBXBuildFile section */

/* Begin PBXContainerItemProxy section */
		222E23E02A5D29AF0082C1DC /* PBXContainerItemProxy */ = {
			isa = PBXContainerItemProxy;
			containerPortal = 222E23C72A5D29AD0082C1DC /* Project object */;
			proxyType = 1;
			remoteGlobalIDString = 222E23CE2A5D29AD0082C1DC;
			remoteInfo = TCAShowcase;
		};
/* End PBXContainerItemProxy section */

/* Begin PBXFileReference section */
		1E5F60022EAD3DA5AC20E679 /* FakeAssetsProvider.swift */ = {isa = PBXFileReference; fileEncoding = 4; lastKnownFileType = sourcecode.swift; path = FakeAssetsProvider.swift; sourceTree = "<group>"; };
		1E5F6026968A12018C7F6795 /* AssetsRatesProvider.swift */ = {isa = PBXFileReference; fileEncoding = 4; lastKnownFileType = sourcecode.swift; path = AssetsRatesProvider.swift; sourceTree = "<group>"; };
		1E5F6041DE9EB1A1168CC2FD /* FakeAppVersionProvider.swift */ = {isa = PBXFileReference; fileEncoding = 4; lastKnownFileType = sourcecode.swift; path = FakeAppVersionProvider.swift; sourceTree = "<group>"; };
		1E5F604936EE88D594E6ABD9 /* PrimaryButton.swift */ = {isa = PBXFileReference; fileEncoding = 4; lastKnownFileType = sourcecode.swift; path = PrimaryButton.swift; sourceTree = "<group>"; };
		1E5F605212B339F931AF5B11 /* Asset.swift */ = {isa = PBXFileReference; fileEncoding = 4; lastKnownFileType = sourcecode.swift; path = Asset.swift; sourceTree = "<group>"; };
		1E5F6058EC904A2E0E2A995E /* SnapshottingHelper.swift */ = {isa = PBXFileReference; fileEncoding = 4; lastKnownFileType = sourcecode.swift; path = SnapshottingHelper.swift; sourceTree = "<group>"; };
		1E5F605CC944B28EF5D24CD7 /* DependenciesProvider.swift */ = {isa = PBXFileReference; fileEncoding = 4; lastKnownFileType = sourcecode.swift; path = DependenciesProvider.swift; sourceTree = "<group>"; };
		1E5F60C8FE43713F1D7CDBE9 /* AssetPerformance.swift */ = {isa = PBXFileReference; fileEncoding = 4; lastKnownFileType = sourcecode.swift; path = AssetPerformance.swift; sourceTree = "<group>"; };
		1E5F60DCDC3172D0858B1B72 /* FavouriteAssetsFeatureTests.swift */ = {isa = PBXFileReference; fileEncoding = 4; lastKnownFileType = sourcecode.swift; path = FavouriteAssetsFeatureTests.swift; sourceTree = "<group>"; };
		1E5F610427CEDDC3AFD31310 /* EditAssetFeatureTests.swift */ = {isa = PBXFileReference; fileEncoding = 4; lastKnownFileType = sourcecode.swift; path = EditAssetFeatureTests.swift; sourceTree = "<group>"; };
		1E5F610A51E6D6DFA2388E1E /* Routes.swift */ = {isa = PBXFileReference; fileEncoding = 4; lastKnownFileType = sourcecode.swift; path = Routes.swift; sourceTree = "<group>"; };
		1E5F6153FFEE729D2929C931 /* HistoricalAssetRatesProvider.swift */ = {isa = PBXFileReference; fileEncoding = 4; lastKnownFileType = sourcecode.swift; path = HistoricalAssetRatesProvider.swift; sourceTree = "<group>"; };
		1E5F617667F06EC8CA6DFE9A /* FakeHistoricalAssetRatesProvider.swift */ = {isa = PBXFileReference; fileEncoding = 4; lastKnownFileType = sourcecode.swift; path = FakeHistoricalAssetRatesProvider.swift; sourceTree = "<group>"; };
		1E5F61A7D91DE187C0C11BE6 /* GetAssetsRatesRequest.swift */ = {isa = PBXFileReference; fileEncoding = 4; lastKnownFileType = sourcecode.swift; path = GetAssetsRatesRequest.swift; sourceTree = "<group>"; };
		1E5F61EC420DF05B4162BA46 /* AppVersionProvider.swift */ = {isa = PBXFileReference; fileEncoding = 4; lastKnownFileType = sourcecode.swift; path = AppVersionProvider.swift; sourceTree = "<group>"; };
		1E5F62702E47F0D84C17BCEB /* AddApiKeyNetworkModuleAction.swift */ = {isa = PBXFileReference; fileEncoding = 4; lastKnownFileType = sourcecode.swift; path = AddApiKeyNetworkModuleAction.swift; sourceTree = "<group>"; };
		1E5F6281CE8D9E04211E28DA /* AppInfoView.swift */ = {isa = PBXFileReference; fileEncoding = 4; lastKnownFileType = sourcecode.swift; path = AppInfoView.swift; sourceTree = "<group>"; };
		1E5F6289688F0DF6DF3181D0 /* FavouriteAssetsViewTests.swift */ = {isa = PBXFileReference; fileEncoding = 4; lastKnownFileType = sourcecode.swift; path = FavouriteAssetsViewTests.swift; sourceTree = "<group>"; };
		1E5F6299D026CA27697C229F /* CellStyles.swift */ = {isa = PBXFileReference; fileEncoding = 4; lastKnownFileType = sourcecode.swift; path = CellStyles.swift; sourceTree = "<group>"; };
		1E5F62DA2EEF579F56E24C8C /* FavouriteAssetsDomain.swift */ = {isa = PBXFileReference; fileEncoding = 4; lastKnownFileType = sourcecode.swift; path = FavouriteAssetsDomain.swift; sourceTree = "<group>"; };
		1E5F630FE336029368ABB280 /* NavigationRouter.swift */ = {isa = PBXFileReference; fileEncoding = 4; lastKnownFileType = sourcecode.swift; path = NavigationRouter.swift; sourceTree = "<group>"; };
		1E5F63188708BF8CE3A2EA32 /* AppInfoFeatureTests.swift */ = {isa = PBXFileReference; fileEncoding = 4; lastKnownFileType = sourcecode.swift; path = AppInfoFeatureTests.swift; sourceTree = "<group>"; };
		1E5F632D075858490C5B3573 /* GetAllAssetsResponse.swift */ = {isa = PBXFileReference; fileEncoding = 4; lastKnownFileType = sourcecode.swift; path = GetAllAssetsResponse.swift; sourceTree = "<group>"; };
		1E5F63302385A72666913D7B /* EditedAssetData.swift */ = {isa = PBXFileReference; fileEncoding = 4; lastKnownFileType = sourcecode.swift; path = EditedAssetData.swift; sourceTree = "<group>"; };
		1E5F6348C5BCD4CFAE3A310D /* AppInfoDomain.swift */ = {isa = PBXFileReference; fileEncoding = 4; lastKnownFileType = sourcecode.swift; path = AppInfoDomain.swift; sourceTree = "<group>"; };
		1E5F635590EB89E907D31B71 /* AssetDetailsDomain.swift */ = {isa = PBXFileReference; fileEncoding = 4; lastKnownFileType = sourcecode.swift; path = AssetDetailsDomain.swift; sourceTree = "<group>"; };
		1E5F63CC886F88AE19F2ECF8 /* FavouriteAssetsProvider.swift */ = {isa = PBXFileReference; fileEncoding = 4; lastKnownFileType = sourcecode.swift; path = FavouriteAssetsProvider.swift; sourceTree = "<group>"; };
		1E5F645CDBA306CF0D67C613 /* AssetsListViewTests.swift */ = {isa = PBXFileReference; fileEncoding = 4; lastKnownFileType = sourcecode.swift; path = AssetsListViewTests.swift; sourceTree = "<group>"; };
		1E5F64BFD210F0324B4E7A18 /* FavouriteAssetCellView.swift */ = {isa = PBXFileReference; fileEncoding = 4; lastKnownFileType = sourcecode.swift; path = FavouriteAssetCellView.swift; sourceTree = "<group>"; };
		1E5F64C8E73ABFBC2552E928 /* DateFormatterExtensions.swift */ = {isa = PBXFileReference; fileEncoding = 4; lastKnownFileType = sourcecode.swift; path = DateFormatterExtensions.swift; sourceTree = "<group>"; };
		1E5F651CBDA362D85FE069AC /* DateProvider.swift */ = {isa = PBXFileReference; fileEncoding = 4; lastKnownFileType = sourcecode.swift; path = DateProvider.swift; sourceTree = "<group>"; };
		1E5F651EF8FFF771EBC71E4A /* NavigationExtensions.swift */ = {isa = PBXFileReference; fileEncoding = 4; lastKnownFileType = sourcecode.swift; path = NavigationExtensions.swift; sourceTree = "<group>"; };
		1E5F6552B755CC3EAE74A7DB /* ColorExtensions.swift */ = {isa = PBXFileReference; fileEncoding = 4; lastKnownFileType = sourcecode.swift; path = ColorExtensions.swift; sourceTree = "<group>"; };
		1E5F6553FB5DED0E8DB855FE /* EncodableExtensions.swift */ = {isa = PBXFileReference; fileEncoding = 4; lastKnownFileType = sourcecode.swift; path = EncodableExtensions.swift; sourceTree = "<group>"; };
		1E5F6587B7314077C8FA207B /* AssetsListView.swift */ = {isa = PBXFileReference; fileEncoding = 4; lastKnownFileType = sourcecode.swift; path = AssetsListView.swift; sourceTree = "<group>"; };
		1E5F65C4C40C9E17E2D61807 /* AssetPrice.swift */ = {isa = PBXFileReference; fileEncoding = 4; lastKnownFileType = sourcecode.swift; path = AssetPrice.swift; sourceTree = "<group>"; };
		1E5F65CE74E38B88BD61D52C /* ChartView.swift */ = {isa = PBXFileReference; fileEncoding = 4; lastKnownFileType = sourcecode.swift; path = ChartView.swift; sourceTree = "<group>"; };
		1E5F65E01774BFA5BE81749A /* AssetsListDomain.swift */ = {isa = PBXFileReference; fileEncoding = 4; lastKnownFileType = sourcecode.swift; path = AssetsListDomain.swift; sourceTree = "<group>"; };
		1E5F65E442FC60590AE43BFD /* DataExtensions.swift */ = {isa = PBXFileReference; fileEncoding = 4; lastKnownFileType = sourcecode.swift; path = DataExtensions.swift; sourceTree = "<group>"; };
		1E5F66101A7D7B97ABDA984F /* ViewControllerHelper.swift */ = {isa = PBXFileReference; fileEncoding = 4; lastKnownFileType = sourcecode.swift; path = ViewControllerHelper.swift; sourceTree = "<group>"; };
		1E5F66F201CE6E35281DC518 /* UIApplicationHelper.swift */ = {isa = PBXFileReference; fileEncoding = 4; lastKnownFileType = sourcecode.swift; path = UIApplicationHelper.swift; sourceTree = "<group>"; };
		1E5F6726873C7C9A37010CA8 /* LocalStorage.swift */ = {isa = PBXFileReference; fileEncoding = 4; lastKnownFileType = sourcecode.swift; path = LocalStorage.swift; sourceTree = "<group>"; };
		1E5F676C9ACA7E417D8C6F05 /* TCADependencies.swift */ = {isa = PBXFileReference; fileEncoding = 4; lastKnownFileType = sourcecode.swift; path = TCADependencies.swift; sourceTree = "<group>"; };
		1E5F678350BCB678E62DD363 /* FakeAssetsRatesProvider.swift */ = {isa = PBXFileReference; fileEncoding = 4; lastKnownFileType = sourcecode.swift; path = FakeAssetsRatesProvider.swift; sourceTree = "<group>"; };
		1E5F6804B336CCFA3171B388 /* FakeRouter.swift */ = {isa = PBXFileReference; fileEncoding = 4; lastKnownFileType = sourcecode.swift; path = FakeRouter.swift; sourceTree = "<group>"; };
		1E5F688A9715CE843AB71752 /* GetHistoricalAssetRatesResponse.swift */ = {isa = PBXFileReference; fileEncoding = 4; lastKnownFileType = sourcecode.swift; path = GetHistoricalAssetRatesResponse.swift; sourceTree = "<group>"; };
		1E5F69193A88751240C4C15C /* EditAssetDomain.swift */ = {isa = PBXFileReference; fileEncoding = 4; lastKnownFileType = sourcecode.swift; path = EditAssetDomain.swift; sourceTree = "<group>"; };
		1E5F69479DF0751FF36674F8 /* AppInfoViewTests.swift */ = {isa = PBXFileReference; fileEncoding = 4; lastKnownFileType = sourcecode.swift; path = AppInfoViewTests.swift; sourceTree = "<group>"; };
		1E5F69B151716548C135845E /* TextStyles.swift */ = {isa = PBXFileReference; fileEncoding = 4; lastKnownFileType = sourcecode.swift; path = TextStyles.swift; sourceTree = "<group>"; };
		1E5F69C0DE8997CDBC2A4BC3 /* AssetCellView.swift */ = {isa = PBXFileReference; fileEncoding = 4; lastKnownFileType = sourcecode.swift; path = AssetCellView.swift; sourceTree = "<group>"; };
		1E5F6AB05E2E8204D220FDD5 /* AvailableAppVersionProvider.swift */ = {isa = PBXFileReference; fileEncoding = 4; lastKnownFileType = sourcecode.swift; path = AvailableAppVersionProvider.swift; sourceTree = "<group>"; };
		1E5F6ACA86088B726F2AAD6F /* AssetHistoricalRate.swift */ = {isa = PBXFileReference; fileEncoding = 4; lastKnownFileType = sourcecode.swift; path = AssetHistoricalRate.swift; sourceTree = "<group>"; };
		1E5F6AE1DB6C8AEC4A25F3EA /* NetworkingFactory.swift */ = {isa = PBXFileReference; fileEncoding = 4; lastKnownFileType = sourcecode.swift; path = NetworkingFactory.swift; sourceTree = "<group>"; };
		1E5F6B2AFF61798A302E789D /* AssetDetailsFeatureTests.swift */ = {isa = PBXFileReference; fileEncoding = 4; lastKnownFileType = sourcecode.swift; path = AssetDetailsFeatureTests.swift; sourceTree = "<group>"; };
		1E5F6B2F2B4758FA66C97087 /* GetHistoricalRatesRequest.swift */ = {isa = PBXFileReference; fileEncoding = 4; lastKnownFileType = sourcecode.swift; path = GetHistoricalRatesRequest.swift; sourceTree = "<group>"; };
		1E5F6BA49B72338BA1B23598 /* FakeFavouriteAssetsManager.swift */ = {isa = PBXFileReference; fileEncoding = 4; lastKnownFileType = sourcecode.swift; path = FakeFavouriteAssetsManager.swift; sourceTree = "<group>"; };
		1E5F6CA3967B7BCE0267C539 /* AssetDetailsViewTests.swift */ = {isa = PBXFileReference; fileEncoding = 4; lastKnownFileType = sourcecode.swift; path = AssetDetailsViewTests.swift; sourceTree = "<group>"; };
		1E5F6D126DBC094A94F79309 /* URLOpener.swift */ = {isa = PBXFileReference; fileEncoding = 4; lastKnownFileType = sourcecode.swift; path = URLOpener.swift; sourceTree = "<group>"; };
		1E5F6D45997E5734161AAC07 /* AssetsProvider.swift */ = {isa = PBXFileReference; fileEncoding = 4; lastKnownFileType = sourcecode.swift; path = AssetsProvider.swift; sourceTree = "<group>"; };
		1E5F6D9B665C10162D8A90C4 /* FoundationExtensions.swift */ = {isa = PBXFileReference; fileEncoding = 4; lastKnownFileType = sourcecode.swift; path = FoundationExtensions.swift; sourceTree = "<group>"; };
		1E5F6DA192B5D840E1B40947 /* BaseAssetProvider.swift */ = {isa = PBXFileReference; fileEncoding = 4; lastKnownFileType = sourcecode.swift; path = BaseAssetProvider.swift; sourceTree = "<group>"; };
		1E5F6DE2B0550F8964CB2177 /* PreviewFixtures.swift */ = {isa = PBXFileReference; fileEncoding = 4; lastKnownFileType = sourcecode.swift; path = PreviewFixtures.swift; sourceTree = "<group>"; };
		1E5F6E019BD119F2994950EA /* AssetsListFeatureTests.swift */ = {isa = PBXFileReference; fileEncoding = 4; lastKnownFileType = sourcecode.swift; path = AssetsListFeatureTests.swift; sourceTree = "<group>"; };
		1E5F6E34D113ACCF6D1FDD79 /* AssetDetailsView.swift */ = {isa = PBXFileReference; fileEncoding = 4; lastKnownFileType = sourcecode.swift; path = AssetDetailsView.swift; sourceTree = "<group>"; };
		1E5F6E54C8803CCC86A28830 /* ViewHelpers.swift */ = {isa = PBXFileReference; fileEncoding = 4; lastKnownFileType = sourcecode.swift; path = ViewHelpers.swift; sourceTree = "<group>"; };
		1E5F6E676B48ABB2D1656F94 /* FavouriteAssetsView.swift */ = {isa = PBXFileReference; fileEncoding = 4; lastKnownFileType = sourcecode.swift; path = FavouriteAssetsView.swift; sourceTree = "<group>"; };
		1E5F6E799470E0BFB79D76C6 /* ButtonStyles.swift */ = {isa = PBXFileReference; fileEncoding = 4; lastKnownFileType = sourcecode.swift; path = ButtonStyles.swift; sourceTree = "<group>"; };
		1E5F6EB2327E8FF3622B048C /* GetAssetsRatesResponse.swift */ = {isa = PBXFileReference; fileEncoding = 4; lastKnownFileType = sourcecode.swift; path = GetAssetsRatesResponse.swift; sourceTree = "<group>"; };
		1E5F6ED55988000082C8350C /* SwiftUISearchBar.swift */ = {isa = PBXFileReference; fileEncoding = 4; lastKnownFileType = sourcecode.swift; path = SwiftUISearchBar.swift; sourceTree = "<group>"; };
		1E5F6EFE5E87DF6A9BFC6F85 /* SnapshotTestsHelper.swift */ = {isa = PBXFileReference; fileEncoding = 4; lastKnownFileType = sourcecode.swift; path = SnapshotTestsHelper.swift; sourceTree = "<group>"; };
		1E5F6F22E1C965C04C52404C /* FakeAvailableAppVersionProvider.swift */ = {isa = PBXFileReference; fileEncoding = 4; lastKnownFileType = sourcecode.swift; path = FakeAvailableAppVersionProvider.swift; sourceTree = "<group>"; };
		1E5F6F5E52C4EE74D6C8F8A9 /* EditAssetView.swift */ = {isa = PBXFileReference; fileEncoding = 4; lastKnownFileType = sourcecode.swift; path = EditAssetView.swift; sourceTree = "<group>"; };
		1E5F6F79DC8362D7A3CD2DCB /* GetAllAssetsRequest.swift */ = {isa = PBXFileReference; fileEncoding = 4; lastKnownFileType = sourcecode.swift; path = GetAllAssetsRequest.swift; sourceTree = "<group>"; };
		1E5F6F95B559BA79D6B24534 /* EditAssetViewTests.swift */ = {isa = PBXFileReference; fileEncoding = 4; lastKnownFileType = sourcecode.swift; path = EditAssetViewTests.swift; sourceTree = "<group>"; };
		1E5F6FC9102E48D719FFCC74 /* AppConfiguration.swift */ = {isa = PBXFileReference; fileEncoding = 4; lastKnownFileType = sourcecode.swift; path = AppConfiguration.swift; sourceTree = "<group>"; };
		1E5F6FD8A4873E877D401D9E /* LoaderView.swift */ = {isa = PBXFileReference; fileEncoding = 4; lastKnownFileType = sourcecode.swift; path = LoaderView.swift; sourceTree = "<group>"; };
		222E23CF2A5D29AD0082C1DC /* TCAShowcase.app */ = {isa = PBXFileReference; explicitFileType = wrapper.application; includeInIndex = 0; path = TCAShowcase.app; sourceTree = BUILT_PRODUCTS_DIR; };
		222E23D22A5D29AD0082C1DC /* TCAShowcaseApp.swift */ = {isa = PBXFileReference; lastKnownFileType = sourcecode.swift; path = TCAShowcaseApp.swift; sourceTree = "<group>"; };
		222E23D42A5D29AD0082C1DC /* HomeView.swift */ = {isa = PBXFileReference; lastKnownFileType = sourcecode.swift; path = HomeView.swift; sourceTree = "<group>"; };
		222E23D62A5D29AF0082C1DC /* Assets.xcassets */ = {isa = PBXFileReference; lastKnownFileType = folder.assetcatalog; path = Assets.xcassets; sourceTree = "<group>"; };
		222E23D92A5D29AF0082C1DC /* Preview Assets.xcassets */ = {isa = PBXFileReference; lastKnownFileType = folder.assetcatalog; path = "Preview Assets.xcassets"; sourceTree = "<group>"; };
		222E23DF2A5D29AF0082C1DC /* TCAShowcaseTests.xctest */ = {isa = PBXFileReference; explicitFileType = wrapper.cfbundle; includeInIndex = 0; path = TCAShowcaseTests.xctest; sourceTree = BUILT_PRODUCTS_DIR; };
		222E240A2A5D4ED80082C1DC /* TCAShowcaseTests.xctestplan */ = {isa = PBXFileReference; lastKnownFileType = text; path = TCAShowcaseTests.xctestplan; sourceTree = SOURCE_ROOT; };
/* End PBXFileReference section */

/* Begin PBXFrameworksBuildPhase section */
		222E23CC2A5D29AD0082C1DC /* Frameworks */ = {
			isa = PBXFrameworksBuildPhase;
			buildActionMask = 2147483647;
			files = (
				222E24092A5D4E8D0082C1DC /* ComposableArchitecture in Frameworks */,
				22F94B6F2A6A57640088BCF1 /* NgNetworkModuleCore in Frameworks */,
				22F94B6D2A6A57640088BCF1 /* ConcurrentNgNetworkModule in Frameworks */,
			);
			runOnlyForDeploymentPostprocessing = 0;
		};
		222E23DC2A5D29AF0082C1DC /* Frameworks */ = {
			isa = PBXFrameworksBuildPhase;
			buildActionMask = 2147483647;
			files = (
				22E0F39D2A77BAA000A19531 /* SnapshotTesting in Frameworks */,
			);
			runOnlyForDeploymentPostprocessing = 0;
		};
/* End PBXFrameworksBuildPhase section */

/* Begin PBXGroup section */
		1E5F60002117B0B14FEAB309 /* Favourite Assets */ = {
			isa = PBXGroup;
			children = (
				1E5F60DCDC3172D0858B1B72 /* FavouriteAssetsFeatureTests.swift */,
				1E5F6289688F0DF6DF3181D0 /* FavouriteAssetsViewTests.swift */,
			);
			path = "Favourite Assets";
			sourceTree = "<group>";
		};
		1E5F600562AC4F6E0D908BF0 /* Edit Asset */ = {
			isa = PBXGroup;
			children = (
				1E5F6A37C14BDA8DEE5B365A /* Domain */,
				1E5F655C6A4B222B95E95109 /* View */,
			);
			path = "Edit Asset";
			sourceTree = "<group>";
		};
		1E5F60941FD218B37C5E7946 /* Favourite Assets */ = {
			isa = PBXGroup;
			children = (
				1E5F6E1CA855739BC11929BC /* Domain */,
				1E5F6E31C3E8862FF1DAF423 /* View */,
			);
			path = "Favourite Assets";
			sourceTree = "<group>";
		};
		1E5F60D00772F0AAF96C9882 /* Asset */ = {
			isa = PBXGroup;
			children = (
				1E5F605212B339F931AF5B11 /* Asset.swift */,
				1E5F6ACA86088B726F2AAD6F /* AssetHistoricalRate.swift */,
				1E5F63302385A72666913D7B /* EditedAssetData.swift */,
			);
			path = Asset;
			sourceTree = "<group>";
		};
		1E5F60EB021077A46EBDD66A /* Styles */ = {
			isa = PBXGroup;
			children = (
				1E5F69B151716548C135845E /* TextStyles.swift */,
				1E5F6E799470E0BFB79D76C6 /* ButtonStyles.swift */,
				1E5F6299D026CA27697C229F /* CellStyles.swift */,
			);
			path = Styles;
			sourceTree = "<group>";
		};
		1E5F613CCAAE330A8A93F147 /* Domain */ = {
			isa = PBXGroup;
			children = (
				1E5F6348C5BCD4CFAE3A310D /* AppInfoDomain.swift */,
			);
			path = Domain;
			sourceTree = "<group>";
		};
		1E5F61515A96885896920B72 /* View */ = {
			isa = PBXGroup;
			children = (
				1E5F6E34D113ACCF6D1FDD79 /* AssetDetailsView.swift */,
			);
			path = View;
			sourceTree = "<group>";
		};
		1E5F6178EC2CD62563FACA2E /* Factory */ = {
			isa = PBXGroup;
			children = (
				1E5F6AE1DB6C8AEC4A25F3EA /* NetworkingFactory.swift */,
			);
			path = Factory;
			sourceTree = "<group>";
		};
		1E5F61E312B91BC141BEC8FF /* Common */ = {
			isa = PBXGroup;
			children = (
				1E5F624559BA36065885F470 /* Router */,
				1E5F6388C8F9CC4AEF4B440E /* Views */,
				1E5F60EB021077A46EBDD66A /* Styles */,
				1E5F6261EC5FFC9BB50B8D44 /* Extensions */,
				1E5F6D6D307B370AF9630DED /* Data Providers */,
				1E5F6EB58D7A828098DFA30E /* Storage */,
				1E5F6DA23EB4580A7ED800C9 /* Networking */,
				1E5F65B3BFDCF479201EB1D3 /* Configuration */,
				1E5F6B8C2BF05410009B618D /* App */,
				1E5F6D31C10F8C0B26D16CBA /* Dependencies Provider */,
			);
			path = Common;
			sourceTree = "<group>";
		};
		1E5F61F230DD9AA430E670AF /* Domain */ = {
			isa = PBXGroup;
			children = (
				1E5F635590EB89E907D31B71 /* AssetDetailsDomain.swift */,
			);
			path = Domain;
			sourceTree = "<group>";
		};
		1E5F624559BA36065885F470 /* Router */ = {
			isa = PBXGroup;
			children = (
				1E5F630FE336029368ABB280 /* NavigationRouter.swift */,
				1E5F610A51E6D6DFA2388E1E /* Routes.swift */,
			);
			path = Router;
			sourceTree = "<group>";
		};
		1E5F62582685938536C52A48 /* View */ = {
			isa = PBXGroup;
			children = (
				1E5F6587B7314077C8FA207B /* AssetsListView.swift */,
			);
			path = View;
			sourceTree = "<group>";
		};
		1E5F6261EC5FFC9BB50B8D44 /* Extensions */ = {
			isa = PBXGroup;
			children = (
				1E5F6552B755CC3EAE74A7DB /* ColorExtensions.swift */,
				1E5F651EF8FFF771EBC71E4A /* NavigationExtensions.swift */,
				1E5F65E442FC60590AE43BFD /* DataExtensions.swift */,
				1E5F6553FB5DED0E8DB855FE /* EncodableExtensions.swift */,
				1E5F6D9B665C10162D8A90C4 /* FoundationExtensions.swift */,
				1E5F64C8E73ABFBC2552E928 /* DateFormatterExtensions.swift */,
			);
			path = Extensions;
			sourceTree = "<group>";
		};
		1E5F6382450974AABBE246E2 /* Asset Details */ = {
			isa = PBXGroup;
			children = (
				1E5F6B2AFF61798A302E789D /* AssetDetailsFeatureTests.swift */,
				1E5F6CA3967B7BCE0267C539 /* AssetDetailsViewTests.swift */,
			);
			path = "Asset Details";
			sourceTree = "<group>";
		};
		1E5F6388C8F9CC4AEF4B440E /* Views */ = {
			isa = PBXGroup;
			children = (
				1E5F604936EE88D594E6ABD9 /* PrimaryButton.swift */,
				1E5F6CD792F4BA48B3151096 /* Cells */,
				1E5F6FD8A4873E877D401D9E /* LoaderView.swift */,
				1E5F65CE74E38B88BD61D52C /* ChartView.swift */,
				1E5F6ED55988000082C8350C /* SwiftUISearchBar.swift */,
			);
			path = Views;
			sourceTree = "<group>";
		};
		1E5F655C6A4B222B95E95109 /* View */ = {
			isa = PBXGroup;
			children = (
				1E5F6F5E52C4EE74D6C8F8A9 /* EditAssetView.swift */,
			);
			path = View;
			sourceTree = "<group>";
		};
		1E5F65B3BFDCF479201EB1D3 /* Configuration */ = {
			isa = PBXGroup;
			children = (
				1E5F6FC9102E48D719FFCC74 /* AppConfiguration.swift */,
			);
			path = Configuration;
			sourceTree = "<group>";
		};
		1E5F65C813D9CA00C1735368 /* App Info */ = {
			isa = PBXGroup;
			children = (
				1E5F613CCAAE330A8A93F147 /* Domain */,
				1E5F6B8C3404B75D400F3AC5 /* View */,
			);
			path = "App Info";
			sourceTree = "<group>";
		};
		1E5F6691444108E4A100AFA4 /* Helpers */ = {
			isa = PBXGroup;
			children = (
				1E5F6EFE5E87DF6A9BFC6F85 /* SnapshotTestsHelper.swift */,
				1E5F6E54C8803CCC86A28830 /* ViewHelpers.swift */,
				1E5F66101A7D7B97ABDA984F /* ViewControllerHelper.swift */,
				1E5F6058EC904A2E0E2A995E /* SnapshottingHelper.swift */,
				1E5F66F201CE6E35281DC518 /* UIApplicationHelper.swift */,
			);
			path = Helpers;
			sourceTree = "<group>";
		};
		1E5F6863B51903E3CE822D58 /* Assets List */ = {
			isa = PBXGroup;
			children = (
				1E5F6E019BD119F2994950EA /* AssetsListFeatureTests.swift */,
				1E5F645CDBA306CF0D67C613 /* AssetsListViewTests.swift */,
			);
			path = "Assets List";
			sourceTree = "<group>";
		};
		1E5F69E8767C3EF7058A1E0B /* Edit Asset */ = {
			isa = PBXGroup;
			children = (
				1E5F610427CEDDC3AFD31310 /* EditAssetFeatureTests.swift */,
				1E5F6F95B559BA79D6B24534 /* EditAssetViewTests.swift */,
			);
			path = "Edit Asset";
			sourceTree = "<group>";
		};
		1E5F69FD3E0DF1CCB2650BFC /* Assets List */ = {
			isa = PBXGroup;
			children = (
				1E5F6AAA2081D8C96556781D /* Domain */,
				1E5F62582685938536C52A48 /* View */,
				1E5F60C8FE43713F1D7CDBE9 /* AssetPerformance.swift */,
				1E5F65C4C40C9E17E2D61807 /* AssetPrice.swift */,
			);
			path = "Assets List";
			sourceTree = "<group>";
		};
		1E5F6A37C14BDA8DEE5B365A /* Domain */ = {
			isa = PBXGroup;
			children = (
				1E5F69193A88751240C4C15C /* EditAssetDomain.swift */,
			);
			path = Domain;
			sourceTree = "<group>";
		};
		1E5F6AAA2081D8C96556781D /* Domain */ = {
			isa = PBXGroup;
			children = (
				1E5F65E01774BFA5BE81749A /* AssetsListDomain.swift */,
			);
			path = Domain;
			sourceTree = "<group>";
		};
		1E5F6B8980A42A91B13BC792 /* Asset Details */ = {
			isa = PBXGroup;
			children = (
				1E5F61F230DD9AA430E670AF /* Domain */,
				1E5F61515A96885896920B72 /* View */,
			);
			path = "Asset Details";
			sourceTree = "<group>";
		};
		1E5F6B8C2BF05410009B618D /* App */ = {
			isa = PBXGroup;
			children = (
				1E5F61EC420DF05B4162BA46 /* AppVersionProvider.swift */,
				1E5F6AB05E2E8204D220FDD5 /* AvailableAppVersionProvider.swift */,
				1E5F6D126DBC094A94F79309 /* URLOpener.swift */,
			);
			path = App;
			sourceTree = "<group>";
		};
		1E5F6B8C3404B75D400F3AC5 /* View */ = {
			isa = PBXGroup;
			children = (
				1E5F6281CE8D9E04211E28DA /* AppInfoView.swift */,
			);
			path = View;
			sourceTree = "<group>";
		};
		1E5F6BE2166A108FBBDDC0B7 /* Response */ = {
			isa = PBXGroup;
			children = (
				1E5F632D075858490C5B3573 /* GetAllAssetsResponse.swift */,
				1E5F6EB2327E8FF3622B048C /* GetAssetsRatesResponse.swift */,
				1E5F688A9715CE843AB71752 /* GetHistoricalAssetRatesResponse.swift */,
			);
			path = Response;
			sourceTree = "<group>";
		};
		1E5F6C2783CA1E1298AE078C /* Tests */ = {
			isa = PBXGroup;
			children = (
				1E5F6F83281572B32A8DC7E7 /* Features */,
			);
			path = Tests;
			sourceTree = "<group>";
		};
		1E5F6CD792F4BA48B3151096 /* Cells */ = {
			isa = PBXGroup;
			children = (
				1E5F64BFD210F0324B4E7A18 /* FavouriteAssetCellView.swift */,
				1E5F69C0DE8997CDBC2A4BC3 /* AssetCellView.swift */,
			);
			path = Cells;
			sourceTree = "<group>";
		};
		1E5F6D0C932C8C3D452FE83B /* Fakes */ = {
			isa = PBXGroup;
			children = (
				1E5F6804B336CCFA3171B388 /* FakeRouter.swift */,
				1E5F6041DE9EB1A1168CC2FD /* FakeAppVersionProvider.swift */,
				1E5F6F22E1C965C04C52404C /* FakeAvailableAppVersionProvider.swift */,
				1E5F617667F06EC8CA6DFE9A /* FakeHistoricalAssetRatesProvider.swift */,
				1E5F60022EAD3DA5AC20E679 /* FakeAssetsProvider.swift */,
				1E5F6BA49B72338BA1B23598 /* FakeFavouriteAssetsManager.swift */,
				1E5F678350BCB678E62DD363 /* FakeAssetsRatesProvider.swift */,
			);
			path = Fakes;
			sourceTree = "<group>";
		};
		1E5F6D31C10F8C0B26D16CBA /* Dependencies Provider */ = {
			isa = PBXGroup;
			children = (
				1E5F605CC944B28EF5D24CD7 /* DependenciesProvider.swift */,
				1E5F676C9ACA7E417D8C6F05 /* TCADependencies.swift */,
			);
			path = "Dependencies Provider";
			sourceTree = "<group>";
		};
		1E5F6D3A4F916DEA1F6EABD0 /* AppInfo */ = {
			isa = PBXGroup;
			children = (
				1E5F63188708BF8CE3A2EA32 /* AppInfoFeatureTests.swift */,
				1E5F69479DF0751FF36674F8 /* AppInfoViewTests.swift */,
			);
			path = AppInfo;
			sourceTree = "<group>";
		};
		1E5F6D6D307B370AF9630DED /* Data Providers */ = {
			isa = PBXGroup;
			children = (
				1E5F63CC886F88AE19F2ECF8 /* FavouriteAssetsProvider.swift */,
				1E5F6D45997E5734161AAC07 /* AssetsProvider.swift */,
				1E5F6026968A12018C7F6795 /* AssetsRatesProvider.swift */,
				1E5F6DA192B5D840E1B40947 /* BaseAssetProvider.swift */,
				1E5F6153FFEE729D2929C931 /* HistoricalAssetRatesProvider.swift */,
				1E5F651CBDA362D85FE069AC /* DateProvider.swift */,
			);
			path = "Data Providers";
			sourceTree = "<group>";
		};
		1E5F6DA23EB4580A7ED800C9 /* Networking */ = {
			isa = PBXGroup;
			children = (
				1E5F6178EC2CD62563FACA2E /* Factory */,
				1E5F6F49642E134B13C86152 /* Action */,
				1E5F6FFF21DADCE2D5FB2303 /* Request */,
				1E5F6BE2166A108FBBDDC0B7 /* Response */,
			);
			path = Networking;
			sourceTree = "<group>";
		};
		1E5F6E1CA855739BC11929BC /* Domain */ = {
			isa = PBXGroup;
			children = (
				1E5F62DA2EEF579F56E24C8C /* FavouriteAssetsDomain.swift */,
			);
			path = Domain;
			sourceTree = "<group>";
		};
		1E5F6E31C3E8862FF1DAF423 /* View */ = {
			isa = PBXGroup;
			children = (
				1E5F6E676B48ABB2D1656F94 /* FavouriteAssetsView.swift */,
			);
			path = View;
			sourceTree = "<group>";
		};
		1E5F6E9CE7C492DEC20C09BA /* Features */ = {
			isa = PBXGroup;
			children = (
				1E5F69FD3E0DF1CCB2650BFC /* Assets List */,
				1E5F60D00772F0AAF96C9882 /* Asset */,
				1E5F60941FD218B37C5E7946 /* Favourite Assets */,
				1E5F65C813D9CA00C1735368 /* App Info */,
				1E5F6B8980A42A91B13BC792 /* Asset Details */,
				1E5F600562AC4F6E0D908BF0 /* Edit Asset */,
			);
			path = Features;
			sourceTree = "<group>";
		};
		1E5F6EB58D7A828098DFA30E /* Storage */ = {
			isa = PBXGroup;
			children = (
				1E5F6726873C7C9A37010CA8 /* LocalStorage.swift */,
			);
			path = Storage;
			sourceTree = "<group>";
		};
		1E5F6F49642E134B13C86152 /* Action */ = {
			isa = PBXGroup;
			children = (
				1E5F62702E47F0D84C17BCEB /* AddApiKeyNetworkModuleAction.swift */,
			);
			path = Action;
			sourceTree = "<group>";
		};
		1E5F6F83281572B32A8DC7E7 /* Features */ = {
			isa = PBXGroup;
			children = (
				1E5F6D3A4F916DEA1F6EABD0 /* AppInfo */,
				1E5F6382450974AABBE246E2 /* Asset Details */,
				1E5F69E8767C3EF7058A1E0B /* Edit Asset */,
				1E5F60002117B0B14FEAB309 /* Favourite Assets */,
				1E5F6863B51903E3CE822D58 /* Assets List */,
			);
			path = Features;
			sourceTree = "<group>";
		};
		1E5F6FFF21DADCE2D5FB2303 /* Request */ = {
			isa = PBXGroup;
			children = (
				1E5F6F79DC8362D7A3CD2DCB /* GetAllAssetsRequest.swift */,
				1E5F61A7D91DE187C0C11BE6 /* GetAssetsRatesRequest.swift */,
				1E5F6B2F2B4758FA66C97087 /* GetHistoricalRatesRequest.swift */,
			);
			path = Request;
			sourceTree = "<group>";
		};
		222E23C62A5D29AD0082C1DC = {
			isa = PBXGroup;
			children = (
				222E23D12A5D29AD0082C1DC /* TCAShowcase */,
				222E23E22A5D29AF0082C1DC /* TCAShowcaseTests */,
				222E23D02A5D29AD0082C1DC /* Products */,
				22E0F39B2A77BAA000A19531 /* Frameworks */,
			);
			sourceTree = "<group>";
		};
		222E23D02A5D29AD0082C1DC /* Products */ = {
			isa = PBXGroup;
			children = (
				222E23CF2A5D29AD0082C1DC /* TCAShowcase.app */,
				222E23DF2A5D29AF0082C1DC /* TCAShowcaseTests.xctest */,
			);
			name = Products;
			sourceTree = "<group>";
		};
		222E23D12A5D29AD0082C1DC /* TCAShowcase */ = {
			isa = PBXGroup;
			children = (
				222E23D22A5D29AD0082C1DC /* TCAShowcaseApp.swift */,
				222E23D42A5D29AD0082C1DC /* HomeView.swift */,
				222E23D62A5D29AF0082C1DC /* Assets.xcassets */,
				222E23D82A5D29AF0082C1DC /* Preview Content */,
				1E5F61E312B91BC141BEC8FF /* Common */,
				1E5F6E9CE7C492DEC20C09BA /* Features */,
			);
			path = TCAShowcase;
			sourceTree = "<group>";
		};
		222E23D82A5D29AF0082C1DC /* Preview Content */ = {
			isa = PBXGroup;
			children = (
				222E23D92A5D29AF0082C1DC /* Preview Assets.xcassets */,
				1E5F6DE2B0550F8964CB2177 /* PreviewFixtures.swift */,
			);
			path = "Preview Content";
			sourceTree = "<group>";
		};
		222E23E22A5D29AF0082C1DC /* TCAShowcaseTests */ = {
			isa = PBXGroup;
			children = (
				222E240A2A5D4ED80082C1DC /* TCAShowcaseTests.xctestplan */,
				1E5F6D0C932C8C3D452FE83B /* Fakes */,
				1E5F6691444108E4A100AFA4 /* Helpers */,
				1E5F6C2783CA1E1298AE078C /* Tests */,
			);
			path = TCAShowcaseTests;
			sourceTree = "<group>";
		};
		22E0F39B2A77BAA000A19531 /* Frameworks */ = {
			isa = PBXGroup;
			children = (
			);
			name = Frameworks;
			sourceTree = "<group>";
		};
/* End PBXGroup section */

/* Begin PBXNativeTarget section */
		222E23CE2A5D29AD0082C1DC /* TCAShowcase */ = {
			isa = PBXNativeTarget;
			buildConfigurationList = 222E23F32A5D29AF0082C1DC /* Build configuration list for PBXNativeTarget "TCAShowcase" */;
			buildPhases = (
				222E23FC2A5D2CF80082C1DC /* SwiftFormat */,
				222E23CB2A5D29AD0082C1DC /* Sources */,
				222E23CC2A5D29AD0082C1DC /* Frameworks */,
				222E23CD2A5D29AD0082C1DC /* Resources */,
			);
			buildRules = (
			);
			dependencies = (
			);
			name = TCAShowcase;
			packageProductDependencies = (
				222E24082A5D4E8D0082C1DC /* ComposableArchitecture */,
				22F94B6C2A6A57640088BCF1 /* ConcurrentNgNetworkModule */,
				22F94B6E2A6A57640088BCF1 /* NgNetworkModuleCore */,
			);
			productName = TCAShowcase;
			productReference = 222E23CF2A5D29AD0082C1DC /* TCAShowcase.app */;
			productType = "com.apple.product-type.application";
		};
		222E23DE2A5D29AF0082C1DC /* TCAShowcaseTests */ = {
			isa = PBXNativeTarget;
			buildConfigurationList = 222E23F62A5D29AF0082C1DC /* Build configuration list for PBXNativeTarget "TCAShowcaseTests" */;
			buildPhases = (
				222E23DB2A5D29AF0082C1DC /* Sources */,
				222E23DC2A5D29AF0082C1DC /* Frameworks */,
				222E23DD2A5D29AF0082C1DC /* Resources */,
			);
			buildRules = (
			);
			dependencies = (
				222E23E12A5D29AF0082C1DC /* PBXTargetDependency */,
			);
			name = TCAShowcaseTests;
			packageProductDependencies = (
				22E0F39C2A77BAA000A19531 /* SnapshotTesting */,
			);
			productName = TCAShowcaseTests;
			productReference = 222E23DF2A5D29AF0082C1DC /* TCAShowcaseTests.xctest */;
			productType = "com.apple.product-type.bundle.unit-test";
		};
/* End PBXNativeTarget section */

/* Begin PBXProject section */
		222E23C72A5D29AD0082C1DC /* Project object */ = {
			isa = PBXProject;
			attributes = {
				BuildIndependentTargetsInParallel = 1;
				LastSwiftUpdateCheck = 1430;
				LastUpgradeCheck = 1430;
				TargetAttributes = {
					222E23CE2A5D29AD0082C1DC = {
						CreatedOnToolsVersion = 14.3.1;
					};
					222E23DE2A5D29AF0082C1DC = {
						CreatedOnToolsVersion = 14.3.1;
						TestTargetID = 222E23CE2A5D29AD0082C1DC;
					};
				};
			};
			buildConfigurationList = 222E23CA2A5D29AD0082C1DC /* Build configuration list for PBXProject "TCAShowcase" */;
			compatibilityVersion = "Xcode 14.0";
			developmentRegion = en;
			hasScannedForEncodings = 0;
			knownRegions = (
				en,
				Base,
			);
			mainGroup = 222E23C62A5D29AD0082C1DC;
			packageReferences = (
				222E24072A5D4E8D0082C1DC /* XCRemoteSwiftPackageReference "swift-composable-architecture" */,
				22F94B6B2A6A57640088BCF1 /* XCRemoteSwiftPackageReference "ng-ios-network-module" */,
				22E0F3982A77BA2400A19531 /* XCRemoteSwiftPackageReference "swift-snapshot-testing" */,
			);
			productRefGroup = 222E23D02A5D29AD0082C1DC /* Products */;
			projectDirPath = "";
			projectRoot = "";
			targets = (
				222E23CE2A5D29AD0082C1DC /* TCAShowcase */,
				222E23DE2A5D29AF0082C1DC /* TCAShowcaseTests */,
			);
		};
/* End PBXProject section */

/* Begin PBXResourcesBuildPhase section */
		222E23CD2A5D29AD0082C1DC /* Resources */ = {
			isa = PBXResourcesBuildPhase;
			buildActionMask = 2147483647;
			files = (
				222E23DA2A5D29AF0082C1DC /* Preview Assets.xcassets in Resources */,
				222E23D72A5D29AF0082C1DC /* Assets.xcassets in Resources */,
			);
			runOnlyForDeploymentPostprocessing = 0;
		};
		222E23DD2A5D29AF0082C1DC /* Resources */ = {
			isa = PBXResourcesBuildPhase;
			buildActionMask = 2147483647;
			files = (
			);
			runOnlyForDeploymentPostprocessing = 0;
		};
/* End PBXResourcesBuildPhase section */

/* Begin PBXShellScriptBuildPhase section */
		222E23FC2A5D2CF80082C1DC /* SwiftFormat */ = {
			isa = PBXShellScriptBuildPhase;
			alwaysOutOfDate = 1;
			buildActionMask = 2147483647;
			files = (
			);
			inputFileListPaths = (
			);
			inputPaths = (
			);
			name = SwiftFormat;
			outputFileListPaths = (
			);
			outputPaths = (
			);
			runOnlyForDeploymentPostprocessing = 0;
			shellPath = /bin/sh;
			shellScript = "cd BuildTools\nSDKROOT=(xcrun --sdk macosx --show-sdk-path)\n#swift package update #Uncomment this line temporarily to update the version used to the latest matching your BuildTools/Package.swift file\nswift run -c release swiftformat \"$SRCROOT\"\n";
		};
/* End PBXShellScriptBuildPhase section */

/* Begin PBXSourcesBuildPhase section */
		222E23CB2A5D29AD0082C1DC /* Sources */ = {
			isa = PBXSourcesBuildPhase;
			buildActionMask = 2147483647;
			files = (
				222E23D52A5D29AD0082C1DC /* HomeView.swift in Sources */,
				222E23D32A5D29AD0082C1DC /* TCAShowcaseApp.swift in Sources */,
				1E5F6F8431857FF95C5FA412 /* NavigationRouter.swift in Sources */,
				1E5F60FFB3872A01F4D4C8E6 /* Routes.swift in Sources */,
				1E5F6A24815ADF1393F500C7 /* PrimaryButton.swift in Sources */,
				1E5F60315C97AFC20BCF88EB /* TextStyles.swift in Sources */,
				1E5F629C312FE9076B88AA64 /* ButtonStyles.swift in Sources */,
				1E5F6E0770A409AB2595350D /* CellStyles.swift in Sources */,
				1E5F63D029EE01B1A8906DCA /* FavouriteAssetCellView.swift in Sources */,
				1E5F616AD50F8BB53ED22EBB /* ColorExtensions.swift in Sources */,
				1E5F6C947E6530CD680750B1 /* NavigationExtensions.swift in Sources */,
				1E5F6E01972FCB7C53E23567 /* AssetsListDomain.swift in Sources */,
				1E5F60F90A12706D6651C125 /* AssetsListView.swift in Sources */,
				1E5F6FB03A8F3C42B043D040 /* Asset.swift in Sources */,
				1E5F6F2F4020212130451BC2 /* FavouriteAssetsDomain.swift in Sources */,
				1E5F6966201C35259D1B28BE /* AssetCellView.swift in Sources */,
				1E5F6E7DBAE79B99ECD38A7D /* FavouriteAssetsView.swift in Sources */,
				1E5F63B75DC1A75011091680 /* LoaderView.swift in Sources */,
				1E5F6262F4F4015BFB37A43A /* FavouriteAssetsProvider.swift in Sources */,
				1E5F6E0D4AB2B0EDDDE4D61D /* LocalStorage.swift in Sources */,
				1E5F6150281873AAA1B0C255 /* DataExtensions.swift in Sources */,
				1E5F6404C1BAD038D2349BDC /* EncodableExtensions.swift in Sources */,
				1E5F690F682A317AD25E4C66 /* AssetsProvider.swift in Sources */,
				1E5F6EDA420B737CF5A10B53 /* NetworkingFactory.swift in Sources */,
				1E5F6790100BB6C2EC6F2DCF /* AppConfiguration.swift in Sources */,
				1E5F62CC5DD720525E4B3181 /* AddApiKeyNetworkModuleAction.swift in Sources */,
				1E5F667EF0403CA50E9CF07A /* FoundationExtensions.swift in Sources */,
				1E5F64466253C1DE63B6D6F2 /* GetAllAssetsRequest.swift in Sources */,
				1E5F6F7F3909DE1098C45C0A /* GetAllAssetsResponse.swift in Sources */,
				1E5F669A70C513C333982B01 /* PreviewFixtures.swift in Sources */,
				1E5F6F163009ADFB11A90264 /* AssetsRatesProvider.swift in Sources */,
				1E5F68DC72DC41972F4ACAF5 /* BaseAssetProvider.swift in Sources */,
				1E5F66F4DFEE762BC13C9412 /* AssetPerformance.swift in Sources */,
				1E5F6F79376651645E2B6DF4 /* AssetPrice.swift in Sources */,
				1E5F665CA7FA3C18761C1D3E /* GetAssetsRatesRequest.swift in Sources */,
				1E5F6B546E743930CFBD83D3 /* GetAssetsRatesResponse.swift in Sources */,
				1E5F6F101D2D1E2561650313 /* DateFormatterExtensions.swift in Sources */,
				1E5F676098EE608150EC3477 /* AppInfoView.swift in Sources */,
				1E5F629636372151DD6A09B5 /* AppInfoDomain.swift in Sources */,
				1E5F61701FBFF21A68DCEF60 /* AppVersionProvider.swift in Sources */,
				1E5F6AAB6E83143613F00A82 /* AvailableAppVersionProvider.swift in Sources */,
				1E5F62434C1FF713027C24CA /* URLOpener.swift in Sources */,
				1E5F6B4FCAA6B8DA1C3214C0 /* AssetDetailsDomain.swift in Sources */,
				1E5F6D297CACC4BA3F9A9A4F /* AssetDetailsView.swift in Sources */,
				1E5F60EB97B8F85B1106B2AD /* ChartView.swift in Sources */,
				1E5F6F77C3C6C07F6A673EEE /* HistoricalAssetRatesProvider.swift in Sources */,
				1E5F6D7B93736F69C5B4B51C /* AssetHistoricalRate.swift in Sources */,
				1E5F6DE5B216DD85CB0099F7 /* DateProvider.swift in Sources */,
				1E5F6F13A5353603ED26F354 /* GetHistoricalRatesRequest.swift in Sources */,
				1E5F6605BDB17F6669B0E234 /* GetHistoricalAssetRatesResponse.swift in Sources */,
				1E5F6980918E7D4B40CE343A /* EditAssetDomain.swift in Sources */,
				1E5F6AF0DE62B24A8C1F6439 /* EditAssetView.swift in Sources */,
				1E5F62F7BDE640FF879C346E /* EditedAssetData.swift in Sources */,
				1E5F685821BA3FA4FF209CEB /* SwiftUISearchBar.swift in Sources */,
				1E5F636D7D1554C5902FDC79 /* DependenciesProvider.swift in Sources */,
				1E5F601A34736704617052A0 /* TCADependencies.swift in Sources */,
			);
			runOnlyForDeploymentPostprocessing = 0;
		};
		222E23DB2A5D29AF0082C1DC /* Sources */ = {
			isa = PBXSourcesBuildPhase;
			buildActionMask = 2147483647;
			files = (
				1E5F6CD7861DC70A496C9B98 /* FakeRouter.swift in Sources */,
				1E5F60AB7E88A35FD42172B2 /* FakeAppVersionProvider.swift in Sources */,
				1E5F6DDD2F2142DE32563F3F /* FakeAvailableAppVersionProvider.swift in Sources */,
				1E5F6DC4DCC74C7F082BF616 /* AppInfoFeatureTests.swift in Sources */,
				1E5F6350EC120BBC6ADDA698 /* AssetDetailsFeatureTests.swift in Sources */,
				1E5F68CAEBAA411C2EE1E001 /* FakeHistoricalAssetRatesProvider.swift in Sources */,
				1E5F62BBE7ECC47B974198A2 /* EditAssetFeatureTests.swift in Sources */,
				1E5F65AED426EA1F85A0240B /* FavouriteAssetsFeatureTests.swift in Sources */,
				1E5F6D4E8CBF91E2942D1147 /* FakeAssetsProvider.swift in Sources */,
				1E5F6A2CD39E3F24DF7E8075 /* AssetsListFeatureTests.swift in Sources */,
				1E5F603290ED26CC3CEC8CB2 /* FakeFavouriteAssetsManager.swift in Sources */,
				1E5F659F8ACFDF16CA00B127 /* FakeAssetsRatesProvider.swift in Sources */,
				1E5F6ADF6F9CFC3403C55EE1 /* AppInfoViewTests.swift in Sources */,
				1E5F6E94555C5B64F34EBD82 /* SnapshotTestsHelper.swift in Sources */,
				1E5F61FD99CF79E187878F26 /* ViewHelpers.swift in Sources */,
				1E5F664BD54D01A997D88151 /* ViewControllerHelper.swift in Sources */,
				1E5F6B1A3F3055EFCA166037 /* AssetDetailsViewTests.swift in Sources */,
				1E5F69272D90CF0F45D94559 /* SnapshottingHelper.swift in Sources */,
				1E5F694769DA6EE59B55032A /* UIApplicationHelper.swift in Sources */,
				1E5F6FFCBBE7DFE555628C94 /* AssetsListViewTests.swift in Sources */,
				1E5F675761F5AB04116CF51D /* EditAssetViewTests.swift in Sources */,
				1E5F6311302EF594DF95F600 /* FavouriteAssetsViewTests.swift in Sources */,
			);
			runOnlyForDeploymentPostprocessing = 0;
		};
/* End PBXSourcesBuildPhase section */

/* Begin PBXTargetDependency section */
		222E23E12A5D29AF0082C1DC /* PBXTargetDependency */ = {
			isa = PBXTargetDependency;
			target = 222E23CE2A5D29AD0082C1DC /* TCAShowcase */;
			targetProxy = 222E23E02A5D29AF0082C1DC /* PBXContainerItemProxy */;
		};
/* End PBXTargetDependency section */

/* Begin XCBuildConfiguration section */
		222E23F12A5D29AF0082C1DC /* Debug */ = {
			isa = XCBuildConfiguration;
			buildSettings = {
				ALWAYS_SEARCH_USER_PATHS = NO;
				CLANG_ANALYZER_NONNULL = YES;
				CLANG_ANALYZER_NUMBER_OBJECT_CONVERSION = YES_AGGRESSIVE;
				CLANG_CXX_LANGUAGE_STANDARD = "gnu++20";
				CLANG_ENABLE_MODULES = YES;
				CLANG_ENABLE_OBJC_ARC = YES;
				CLANG_ENABLE_OBJC_WEAK = YES;
				CLANG_WARN_BLOCK_CAPTURE_AUTORELEASING = YES;
				CLANG_WARN_BOOL_CONVERSION = YES;
				CLANG_WARN_COMMA = YES;
				CLANG_WARN_CONSTANT_CONVERSION = YES;
				CLANG_WARN_DEPRECATED_OBJC_IMPLEMENTATIONS = YES;
				CLANG_WARN_DIRECT_OBJC_ISA_USAGE = YES_ERROR;
				CLANG_WARN_DOCUMENTATION_COMMENTS = YES;
				CLANG_WARN_EMPTY_BODY = YES;
				CLANG_WARN_ENUM_CONVERSION = YES;
				CLANG_WARN_INFINITE_RECURSION = YES;
				CLANG_WARN_INT_CONVERSION = YES;
				CLANG_WARN_NON_LITERAL_NULL_CONVERSION = YES;
				CLANG_WARN_OBJC_IMPLICIT_RETAIN_SELF = YES;
				CLANG_WARN_OBJC_LITERAL_CONVERSION = YES;
				CLANG_WARN_OBJC_ROOT_CLASS = YES_ERROR;
				CLANG_WARN_QUOTED_INCLUDE_IN_FRAMEWORK_HEADER = YES;
				CLANG_WARN_RANGE_LOOP_ANALYSIS = YES;
				CLANG_WARN_STRICT_PROTOTYPES = YES;
				CLANG_WARN_SUSPICIOUS_MOVE = YES;
				CLANG_WARN_UNGUARDED_AVAILABILITY = YES_AGGRESSIVE;
				CLANG_WARN_UNREACHABLE_CODE = YES;
				CLANG_WARN__DUPLICATE_METHOD_MATCH = YES;
				COPY_PHASE_STRIP = NO;
				DEBUG_INFORMATION_FORMAT = dwarf;
				ENABLE_STRICT_OBJC_MSGSEND = YES;
				ENABLE_TESTABILITY = YES;
				GCC_C_LANGUAGE_STANDARD = gnu11;
				GCC_DYNAMIC_NO_PIC = NO;
				GCC_NO_COMMON_BLOCKS = YES;
				GCC_OPTIMIZATION_LEVEL = 0;
				GCC_PREPROCESSOR_DEFINITIONS = (
					"DEBUG=1",
					"$(inherited)",
				);
				GCC_WARN_64_TO_32_BIT_CONVERSION = YES;
				GCC_WARN_ABOUT_RETURN_TYPE = YES_ERROR;
				GCC_WARN_UNDECLARED_SELECTOR = YES;
				GCC_WARN_UNINITIALIZED_AUTOS = YES_AGGRESSIVE;
				GCC_WARN_UNUSED_FUNCTION = YES;
				GCC_WARN_UNUSED_VARIABLE = YES;
				IPHONEOS_DEPLOYMENT_TARGET = 16.0;
				MARKETING_VERSION = 1.0.0;
				MTL_ENABLE_DEBUG_INFO = INCLUDE_SOURCE;
				MTL_FAST_MATH = YES;
				ONLY_ACTIVE_ARCH = YES;
				SDKROOT = iphoneos;
				SWIFT_ACTIVE_COMPILATION_CONDITIONS = DEBUG;
				SWIFT_OPTIMIZATION_LEVEL = "-Onone";
			};
			name = Debug;
		};
		222E23F22A5D29AF0082C1DC /* Release */ = {
			isa = XCBuildConfiguration;
			buildSettings = {
				ALWAYS_SEARCH_USER_PATHS = NO;
				CLANG_ANALYZER_NONNULL = YES;
				CLANG_ANALYZER_NUMBER_OBJECT_CONVERSION = YES_AGGRESSIVE;
				CLANG_CXX_LANGUAGE_STANDARD = "gnu++20";
				CLANG_ENABLE_MODULES = YES;
				CLANG_ENABLE_OBJC_ARC = YES;
				CLANG_ENABLE_OBJC_WEAK = YES;
				CLANG_WARN_BLOCK_CAPTURE_AUTORELEASING = YES;
				CLANG_WARN_BOOL_CONVERSION = YES;
				CLANG_WARN_COMMA = YES;
				CLANG_WARN_CONSTANT_CONVERSION = YES;
				CLANG_WARN_DEPRECATED_OBJC_IMPLEMENTATIONS = YES;
				CLANG_WARN_DIRECT_OBJC_ISA_USAGE = YES_ERROR;
				CLANG_WARN_DOCUMENTATION_COMMENTS = YES;
				CLANG_WARN_EMPTY_BODY = YES;
				CLANG_WARN_ENUM_CONVERSION = YES;
				CLANG_WARN_INFINITE_RECURSION = YES;
				CLANG_WARN_INT_CONVERSION = YES;
				CLANG_WARN_NON_LITERAL_NULL_CONVERSION = YES;
				CLANG_WARN_OBJC_IMPLICIT_RETAIN_SELF = YES;
				CLANG_WARN_OBJC_LITERAL_CONVERSION = YES;
				CLANG_WARN_OBJC_ROOT_CLASS = YES_ERROR;
				CLANG_WARN_QUOTED_INCLUDE_IN_FRAMEWORK_HEADER = YES;
				CLANG_WARN_RANGE_LOOP_ANALYSIS = YES;
				CLANG_WARN_STRICT_PROTOTYPES = YES;
				CLANG_WARN_SUSPICIOUS_MOVE = YES;
				CLANG_WARN_UNGUARDED_AVAILABILITY = YES_AGGRESSIVE;
				CLANG_WARN_UNREACHABLE_CODE = YES;
				CLANG_WARN__DUPLICATE_METHOD_MATCH = YES;
				COPY_PHASE_STRIP = NO;
				DEBUG_INFORMATION_FORMAT = "dwarf-with-dsym";
				ENABLE_NS_ASSERTIONS = NO;
				ENABLE_STRICT_OBJC_MSGSEND = YES;
				GCC_C_LANGUAGE_STANDARD = gnu11;
				GCC_NO_COMMON_BLOCKS = YES;
				GCC_WARN_64_TO_32_BIT_CONVERSION = YES;
				GCC_WARN_ABOUT_RETURN_TYPE = YES_ERROR;
				GCC_WARN_UNDECLARED_SELECTOR = YES;
				GCC_WARN_UNINITIALIZED_AUTOS = YES_AGGRESSIVE;
				GCC_WARN_UNUSED_FUNCTION = YES;
				GCC_WARN_UNUSED_VARIABLE = YES;
				IPHONEOS_DEPLOYMENT_TARGET = 16.0;
				MARKETING_VERSION = 1.0.0;
				MTL_ENABLE_DEBUG_INFO = NO;
				MTL_FAST_MATH = YES;
				SDKROOT = iphoneos;
				SWIFT_COMPILATION_MODE = wholemodule;
				SWIFT_OPTIMIZATION_LEVEL = "-O";
				VALIDATE_PRODUCT = YES;
			};
			name = Release;
		};
		222E23F42A5D29AF0082C1DC /* Debug */ = {
			isa = XCBuildConfiguration;
			buildSettings = {
				ASSETCATALOG_COMPILER_APPICON_NAME = AppIcon;
				ASSETCATALOG_COMPILER_GLOBAL_ACCENT_COLOR_NAME = AccentColor;
				CODE_SIGN_STYLE = Automatic;
				CURRENT_PROJECT_VERSION = 1;
				DEVELOPMENT_ASSET_PATHS = "\"TCAShowcase/Preview Content\"";
				ENABLE_PREVIEWS = YES;
				GENERATE_INFOPLIST_FILE = YES;
				INFOPLIST_KEY_UIApplicationSceneManifest_Generation = YES;
				INFOPLIST_KEY_UIApplicationSupportsIndirectInputEvents = YES;
				INFOPLIST_KEY_UILaunchScreen_Generation = YES;
				INFOPLIST_KEY_UISupportedInterfaceOrientations = UIInterfaceOrientationPortrait;
				INFOPLIST_KEY_UISupportedInterfaceOrientations_iPad = "UIInterfaceOrientationLandscapeLeft UIInterfaceOrientationLandscapeRight UIInterfaceOrientationPortrait UIInterfaceOrientationPortraitUpsideDown";
				LD_RUNPATH_SEARCH_PATHS = (
					"$(inherited)",
					"@executable_path/Frameworks",
				);
				MARKETING_VERSION = 1.0.0;
				PRODUCT_BUNDLE_IDENTIFIER = com.swiftandmemes.TCAShowcase;
				PRODUCT_NAME = "$(TARGET_NAME)";
				SUPPORTED_PLATFORMS = "iphoneos iphonesimulator";
				SUPPORTS_MACCATALYST = NO;
				SUPPORTS_MAC_DESIGNED_FOR_IPHONE_IPAD = NO;
				SWIFT_EMIT_LOC_STRINGS = YES;
				SWIFT_VERSION = 5.0;
				TARGETED_DEVICE_FAMILY = 1;
			};
			name = Debug;
		};
		222E23F52A5D29AF0082C1DC /* Release */ = {
			isa = XCBuildConfiguration;
			buildSettings = {
				ASSETCATALOG_COMPILER_APPICON_NAME = AppIcon;
				ASSETCATALOG_COMPILER_GLOBAL_ACCENT_COLOR_NAME = AccentColor;
				CODE_SIGN_STYLE = Automatic;
				CURRENT_PROJECT_VERSION = 1;
				DEVELOPMENT_ASSET_PATHS = "\"TCAShowcase/Preview Content\"";
				ENABLE_PREVIEWS = YES;
				GENERATE_INFOPLIST_FILE = YES;
				INFOPLIST_KEY_UIApplicationSceneManifest_Generation = YES;
				INFOPLIST_KEY_UIApplicationSupportsIndirectInputEvents = YES;
				INFOPLIST_KEY_UILaunchScreen_Generation = YES;
				INFOPLIST_KEY_UISupportedInterfaceOrientations = UIInterfaceOrientationPortrait;
				INFOPLIST_KEY_UISupportedInterfaceOrientations_iPad = "UIInterfaceOrientationLandscapeLeft UIInterfaceOrientationLandscapeRight UIInterfaceOrientationPortrait UIInterfaceOrientationPortraitUpsideDown";
				LD_RUNPATH_SEARCH_PATHS = (
					"$(inherited)",
					"@executable_path/Frameworks",
				);
				MARKETING_VERSION = 1.0.0;
				PRODUCT_BUNDLE_IDENTIFIER = com.swiftandmemes.TCAShowcase;
				PRODUCT_NAME = "$(TARGET_NAME)";
				SUPPORTED_PLATFORMS = "iphoneos iphonesimulator";
				SUPPORTS_MACCATALYST = NO;
				SUPPORTS_MAC_DESIGNED_FOR_IPHONE_IPAD = NO;
				SWIFT_EMIT_LOC_STRINGS = YES;
				SWIFT_VERSION = 5.0;
				TARGETED_DEVICE_FAMILY = 1;
			};
			name = Release;
		};
		222E23F72A5D29AF0082C1DC /* Debug */ = {
			isa = XCBuildConfiguration;
			buildSettings = {
				ALWAYS_EMBED_SWIFT_STANDARD_LIBRARIES = YES;
				BUNDLE_LOADER = "$(TEST_HOST)";
				CODE_SIGN_STYLE = Automatic;
				CURRENT_PROJECT_VERSION = 1;
				GENERATE_INFOPLIST_FILE = YES;
				IPHONEOS_DEPLOYMENT_TARGET = 16.0;
				MARKETING_VERSION = 1.0.0;
				PRODUCT_BUNDLE_IDENTIFIER = com.swiftandmemes.TCAShowcaseTests;
				PRODUCT_NAME = "$(TARGET_NAME)";
				SUPPORTED_PLATFORMS = "iphoneos iphonesimulator";
				SUPPORTS_MACCATALYST = NO;
				SUPPORTS_MAC_DESIGNED_FOR_IPHONE_IPAD = NO;
				SWIFT_EMIT_LOC_STRINGS = NO;
				SWIFT_VERSION = 5.0;
				TARGETED_DEVICE_FAMILY = 1;
				TEST_HOST = "$(BUILT_PRODUCTS_DIR)/TCAShowcase.app/$(BUNDLE_EXECUTABLE_FOLDER_PATH)/TCAShowcase";
			};
			name = Debug;
		};
		222E23F82A5D29AF0082C1DC /* Release */ = {
			isa = XCBuildConfiguration;
			buildSettings = {
				ALWAYS_EMBED_SWIFT_STANDARD_LIBRARIES = YES;
				BUNDLE_LOADER = "$(TEST_HOST)";
				CODE_SIGN_STYLE = Automatic;
				CURRENT_PROJECT_VERSION = 1;
				GENERATE_INFOPLIST_FILE = YES;
				IPHONEOS_DEPLOYMENT_TARGET = 16.0;
				MARKETING_VERSION = 1.0.0;
				PRODUCT_BUNDLE_IDENTIFIER = com.swiftandmemes.TCAShowcaseTests;
				PRODUCT_NAME = "$(TARGET_NAME)";
				SUPPORTED_PLATFORMS = "iphoneos iphonesimulator";
				SUPPORTS_MACCATALYST = NO;
				SUPPORTS_MAC_DESIGNED_FOR_IPHONE_IPAD = NO;
				SWIFT_EMIT_LOC_STRINGS = NO;
				SWIFT_VERSION = 5.0;
				TARGETED_DEVICE_FAMILY = 1;
				TEST_HOST = "$(BUILT_PRODUCTS_DIR)/TCAShowcase.app/$(BUNDLE_EXECUTABLE_FOLDER_PATH)/TCAShowcase";
			};
			name = Release;
		};
/* End XCBuildConfiguration section */

/* Begin XCConfigurationList section */
		222E23CA2A5D29AD0082C1DC /* Build configuration list for PBXProject "TCAShowcase" */ = {
			isa = XCConfigurationList;
			buildConfigurations = (
				222E23F12A5D29AF0082C1DC /* Debug */,
				222E23F22A5D29AF0082C1DC /* Release */,
			);
			defaultConfigurationIsVisible = 0;
			defaultConfigurationName = Release;
		};
		222E23F32A5D29AF0082C1DC /* Build configuration list for PBXNativeTarget "TCAShowcase" */ = {
			isa = XCConfigurationList;
			buildConfigurations = (
				222E23F42A5D29AF0082C1DC /* Debug */,
				222E23F52A5D29AF0082C1DC /* Release */,
			);
			defaultConfigurationIsVisible = 0;
			defaultConfigurationName = Release;
		};
		222E23F62A5D29AF0082C1DC /* Build configuration list for PBXNativeTarget "TCAShowcaseTests" */ = {
			isa = XCConfigurationList;
			buildConfigurations = (
				222E23F72A5D29AF0082C1DC /* Debug */,
				222E23F82A5D29AF0082C1DC /* Release */,
			);
			defaultConfigurationIsVisible = 0;
			defaultConfigurationName = Release;
		};
/* End XCConfigurationList section */

/* Begin XCRemoteSwiftPackageReference section */
		222E24072A5D4E8D0082C1DC /* XCRemoteSwiftPackageReference "swift-composable-architecture" */ = {
			isa = XCRemoteSwiftPackageReference;
			repositoryURL = "https://github.com/pointfreeco/swift-composable-architecture";
			requirement = {
				kind = upToNextMajorVersion;
				minimumVersion = 1.2.0;
			};
		};
		22E0F3982A77BA2400A19531 /* XCRemoteSwiftPackageReference "swift-snapshot-testing" */ = {
			isa = XCRemoteSwiftPackageReference;
			repositoryURL = "https://github.com/pointfreeco/swift-snapshot-testing";
			requirement = {
				kind = upToNextMajorVersion;
				minimumVersion = 1.0.0;
			};
		};
		22F94B6B2A6A57640088BCF1 /* XCRemoteSwiftPackageReference "ng-ios-network-module" */ = {
			isa = XCRemoteSwiftPackageReference;
			repositoryURL = "https://github.com/netguru/ng-ios-network-module";
			requirement = {
				kind = upToNextMajorVersion;
				minimumVersion = 1.0.0;
			};
		};
/* End XCRemoteSwiftPackageReference section */

/* Begin XCSwiftPackageProductDependency section */
		222E24082A5D4E8D0082C1DC /* ComposableArchitecture */ = {
			isa = XCSwiftPackageProductDependency;
			package = 222E24072A5D4E8D0082C1DC /* XCRemoteSwiftPackageReference "swift-composable-architecture" */;
			productName = ComposableArchitecture;
		};
		22E0F39C2A77BAA000A19531 /* SnapshotTesting */ = {
			isa = XCSwiftPackageProductDependency;
			package = 22E0F3982A77BA2400A19531 /* XCRemoteSwiftPackageReference "swift-snapshot-testing" */;
			productName = SnapshotTesting;
		};
		22F94B6C2A6A57640088BCF1 /* ConcurrentNgNetworkModule */ = {
			isa = XCSwiftPackageProductDependency;
			package = 22F94B6B2A6A57640088BCF1 /* XCRemoteSwiftPackageReference "ng-ios-network-module" */;
			productName = ConcurrentNgNetworkModule;
		};
		22F94B6E2A6A57640088BCF1 /* NgNetworkModuleCore */ = {
			isa = XCSwiftPackageProductDependency;
			package = 22F94B6B2A6A57640088BCF1 /* XCRemoteSwiftPackageReference "ng-ios-network-module" */;
			productName = NgNetworkModuleCore;
		};
/* End XCSwiftPackageProductDependency section */
	};
	rootObject = 222E23C72A5D29AD0082C1DC /* Project object */;
}
